
Microsoft Visual Studio Solution File, Format Version 12.00
# Visual Studio Version 17
VisualStudioVersion = 17.13.35931.197
MinimumVisualStudioVersion = 10.0.40219.1
Project("{FAE04EC0-301F-11D3-BF4B-00C04F79EFBC}") = "Concycle.Core", "Concycle.Core\Concycle.Core.csproj", "{2F076684-E2A7-407F-BC46-2F9CE9FD5952}"
EndProject
Project("{FAE04EC0-301F-11D3-BF4B-00C04F79EFBC}") = "Concycle.Data", "Concycle.Data\Concycle.Data.csproj", "{A5BBC265-CDA8-4FBF-86A9-4697F37FA0CF}"
EndProject
Project("{FAE04EC0-301F-11D3-BF4B-00C04F79EFBC}") = "Concycle.Business", "Concycle.Business\Concycle.Business.csproj", "{AC40D60B-82A0-4C60-8790-EE9F5AEE99D6}"
EndProject
Project("{FAE04EC0-301F-11D3-BF4B-00C04F79EFBC}") = "Concycle.API", "Concycle.API\Concycle.API.csproj", "{DAE39908-D478-5E14-AFD1-D2AC8B5B4700}"
EndProject
Global
	GlobalSection(SolutionConfigurationPlatforms) = preSolution
		Debug|Any CPU = Debug|Any CPU
		Release|Any CPU = Release|Any CPU
	EndGlobalSection
	GlobalSection(ProjectConfigurationPlatforms) = postSolution
		{2F076684-E2A7-407F-BC46-2F9CE9FD5952}.Debug|Any CPU.ActiveCfg = Debug|Any CPU
		{2F076684-E2A7-407F-BC46-2F9CE9FD5952}.Debug|Any CPU.Build.0 = Debug|Any CPU
		{2F076684-E2A7-407F-BC46-2F9CE9FD5952}.Release|Any CPU.ActiveCfg = Release|Any CPU
		{2F076684-E2A7-407F-BC46-2F9CE9FD5952}.Release|Any CPU.Build.0 = Release|Any CPU
		{A5BBC265-CDA8-4FBF-86A9-4697F37FA0CF}.Debug|Any CPU.ActiveCfg = Debug|Any CPU
		{A5BBC265-CDA8-4FBF-86A9-4697F37FA0CF}.Debug|Any CPU.Build.0 = Debug|Any CPU
		{A5BBC265-CDA8-4FBF-86A9-4697F37FA0CF}.Release|Any CPU.ActiveCfg = Release|Any CPU
		{A5BBC265-CDA8-4FBF-86A9-4697F37FA0CF}.Release|Any CPU.Build.0 = Release|Any CPU
		{AC40D60B-82A0-4C60-8790-EE9F5AEE99D6}.Debug|Any CPU.ActiveCfg = Debug|Any CPU
		{AC40D60B-82A0-4C60-8790-EE9F5AEE99D6}.Debug|Any CPU.Build.0 = Debug|Any CPU
		{AC40D60B-82A0-4C60-8790-EE9F5AEE99D6}.Release|Any CPU.ActiveCfg = Release|Any CPU
		{AC40D60B-82A0-4C60-8790-EE9F5AEE99D6}.Release|Any CPU.Build.0 = Release|Any CPU
		{DAE39908-D478-5E14-AFD1-D2AC8B5B4700}.Debug|Any CPU.ActiveCfg = Debug|Any CPU
		{DAE39908-D478-5E14-AFD1-D2AC8B5B4700}.Debug|Any CPU.Build.0 = Debug|Any CPU
		{DAE39908-D478-5E14-AFD1-D2AC8B5B4700}.Release|Any CPU.ActiveCfg = Release|Any CPU
		{DAE39908-D478-5E14-AFD1-D2AC8B5B4700}.Release|Any CPU.Build.0 = Release|Any CPU
	EndGlobalSection
	GlobalSection(SolutionProperties) = preSolution
		HideSolutionNode = FALSE
	EndGlobalSection
	GlobalSection(ExtensibilityGlobals) = postSolution
		SolutionGuid = {3EA14489-2FC4-40F8-92E0-FAD528C1D283}
	EndGlobalSection
EndGlobal
